# env.lock — Software Environment Configuration Index (SECI)
# Every entry is a pinned Docker image digest.
# Update ONLY when a controlled toolchain upgrade is approved.
#
# To obtain digest after a new image build:
#   docker inspect --format='{{index .RepoDigests 0}}' <image>:<tag>

[fcs_model]
image  = lodd/fcs-model-builder
tag    = 1.0.0
digest = sha256:0000000000000000000000000000000000000000000000000000000000000000

[ofp]
image  = lodd/ofp-builder
tag    = 1.0.0
digest = sha256:0000000000000000000000000000000000000000000000000000000000000000
