{
  "_comment": "AUTO-GENERATED by build.py at release time. Commit this file. Do not edit manually.",
  "sw_integration_tag": "",
  "sw_integration_sha": "",
  "components": {
    "fcs_model": {
      "tag": "",
      "sha": "",
      "fcs_mi_if_hash": "",
      "vms_if_hash": ""
    },
    "ofp": {
      "tag": "",
      "sha": ""
    }
  },
  "docker": {
    "fcs_model_image": "",
    "fcs_model_digest": "",
    "ofp_image": "",
    "ofp_digest": ""
  },
  "built_at": "",
  "sealed": false
}
